# This file is @generated by PDM.
# It is not intended for manual editing.

[metadata]
groups = ["default", "lint", "test", "typing"]
strategy = []
lock_version = "4.5.0"
content_hash = "sha256:2abfd887bb0340a3e2fc3d7db85178ff7633a0cb9c7a6b20c3e33e3b7d78f259"

[[metadata.targets]]
requires_python = "==3.13.*"

[[package]]
name = "annotated-doc"
version = "0.0.3"
summary = ""
files = [
    {file = "annotated_doc-0.0.3-py3-none-any.whl", hash = "sha256:348ec6664a76f1fd3be81f43dffbee4c7e8ce931ba71ec67cc7f4ade7fbbb580"},
    {file = "annotated_doc-0.0.3.tar.gz", hash = "sha256:e18370014c70187422c33e945053ff4c286f453a984eba84d0dbfa0c935adeda"},
]

[[package]]
name = "annotated-types"
version = "0.7.0"
summary = ""
files = [
    {file = "annotated_types-0.7.0-py3-none-any.whl", hash = "sha256:1f02e8b43a8fbbc3f3e0d4f0f4bfc8131bcb4eebe8849b8e5c773f3a1c582a53"},
    {file = "annotated_types-0.7.0.tar.gz", hash = "sha256:aff07c09a53a08bc8cfccb9c85b05f1aa9a2a6f23728d790723543408344ce89"},
]

[[package]]
name = "anyio"
version = "4.11.0"
summary = ""
dependencies = [
    "idna",
    "sniffio",
]
files = [
    {file = "anyio-4.11.0-py3-none-any.whl", hash = "sha256:0287e96f4d26d4149305414d4e3bc32f0dcd0862365a4bddea19d7a1ec38c4fc"},
    {file = "anyio-4.11.0.tar.gz", hash = "sha256:82a8d0b81e318cc5ce71a5f1f8b5c4e63619620b63141ef8c995fa0db95a57c4"},
]

[[package]]
name = "branca"
version = "0.8.2"
summary = ""
dependencies = [
    "jinja2",
]
files = [
    {file = "branca-0.8.2-py3-none-any.whl", hash = "sha256:2ebaef3983e3312733c1ae2b793b0a8ba3e1c4edeb7598e10328505280cf2f7c"},
    {file = "branca-0.8.2.tar.gz", hash = "sha256:e5040f4c286e973658c27de9225c1a5a7356dd0702a7c8d84c0f0dfbde388fe7"},
]

[[package]]
name = "certifi"
version = "2025.10.5"
summary = ""
files = [
    {file = "certifi-2025.10.5-py3-none-any.whl", hash = "sha256:0f212c2744a9bb6de0c56639a6f68afe01ecd92d91f14ae897c4fe7bbeeef0de"},
    {file = "certifi-2025.10.5.tar.gz", hash = "sha256:47c09d31ccf2acf0be3f701ea53595ee7e0b8fa08801c6624be771df09ae7b43"},
]

[[package]]
name = "charset-normalizer"
version = "3.4.4"
summary = ""
files = [
    {file = "charset_normalizer-3.4.4-cp313-cp313-macosx_10_13_universal2.whl", hash = "sha256:e1f185f86a6f3403aa2420e815904c67b2f9ebc443f045edd0de921108345794"},
    {file = "charset_normalizer-3.4.4-cp313-cp313-manylinux2014_aarch64.manylinux_2_17_aarch64.manylinux_2_28_aarch64.whl", hash = "sha256:6b39f987ae8ccdf0d2642338faf2abb1862340facc796048b604ef14919e55ed"},
    {file = "charset_normalizer-3.4.4-cp313-cp313-manylinux2014_armv7l.manylinux_2_17_armv7l.manylinux_2_31_armv7l.whl", hash = "sha256:3162d5d8ce1bb98dd51af660f2121c55d0fa541b46dff7bb9b9f86ea1d87de72"},
    {file = "charset_normalizer-3.4.4-cp313-cp313-manylinux2014_ppc64le.manylinux_2_17_ppc64le.manylinux_2_28_ppc64le.whl", hash = "sha256:81d5eb2a312700f4ecaa977a8235b634ce853200e828fbadf3a9c50bab278328"},
    {file = "charset_normalizer-3.4.4-cp313-cp313-manylinux2014_s390x.manylinux_2_17_s390x.manylinux_2_28_s390x.whl", hash = "sha256:5bd2293095d766545ec1a8f612559f6b40abc0eb18bb2f5d1171872d34036ede"},
    {file = "charset_normalizer-3.4.4-cp313-cp313-manylinux2014_x86_64.manylinux_2_17_x86_64.manylinux_2_28_x86_64.whl", hash = "sha256:a8a8b89589086a25749f471e6a900d3f662d1d3b6e2e59dcecf787b1cc3a1894"},
    {file = "charset_normalizer-3.4.4-cp313-cp313-manylinux_2_31_riscv64.manylinux_2_39_riscv64.whl", hash = "sha256:bc7637e2f80d8530ee4a78e878bce464f70087ce73cf7c1caf142416923b98f1"},
    {file = "charset_normalizer-3.4.4-cp313-cp313-musllinux_1_2_aarch64.whl", hash = "sha256:f8bf04158c6b607d747e93949aa60618b61312fe647a6369f88ce2ff16043490"},
    {file = "charset_normalizer-3.4.4-cp313-cp313-musllinux_1_2_armv7l.whl", hash = "sha256:554af85e960429cf30784dd47447d5125aaa3b99a6f0683589dbd27e2f45da44"},
    {file = "charset_normalizer-3.4.4-cp313-cp313-musllinux_1_2_ppc64le.whl", hash = "sha256:74018750915ee7ad843a774364e13a3db91682f26142baddf775342c3f5b1133"},
    {file = "charset_normalizer-3.4.4-cp313-cp313-musllinux_1_2_riscv64.whl", hash = "sha256:c0463276121fdee9c49b98908b3a89c39be45d86d1dbaa22957e38f6321d4ce3"},
    {file = "charset_normalizer-3.4.4-cp313-cp313-musllinux_1_2_s390x.whl", hash = "sha256:362d61fd13843997c1c446760ef36f240cf81d3ebf74ac62652aebaf7838561e"},
    {file = "charset_normalizer-3.4.4-cp313-cp313-musllinux_1_2_x86_64.whl", hash = "sha256:9a26f18905b8dd5d685d6d07b0cdf98a79f3c7a918906af7cc143ea2e164c8bc"},
    {file = "charset_normalizer-3.4.4-cp313-cp313-win32.whl", hash = "sha256:9b35f4c90079ff2e2edc5b26c0c77925e5d2d255c42c74fdb70fb49b172726ac"},
    {file = "charset_normalizer-3.4.4-cp313-cp313-win_amd64.whl", hash = "sha256:b435cba5f4f750aa6c0a0d92c541fb79f69a387c91e61f1795227e4ed9cece14"},
    {file = "charset_normalizer-3.4.4-cp313-cp313-win_arm64.whl", hash = "sha256:542d2cee80be6f80247095cc36c418f7bddd14f4a6de45af91dfad36d817bba2"},
    {file = "charset_normalizer-3.4.4-py3-none-any.whl", hash = "sha256:7a32c560861a02ff789ad905a2fe94e3f840803362c84fecf1851cb4cf3dc37f"},
    {file = "charset_normalizer-3.4.4.tar.gz", hash = "sha256:94537985111c35f28720e43603b8e7b43a6ecfb2ce1d3058bbe955b73404e21a"},
]

[[package]]
name = "click"
version = "8.3.0"
summary = ""
dependencies = [
    "colorama; sys_platform == \"win32\"",
]
files = [
    {file = "click-8.3.0-py3-none-any.whl", hash = "sha256:9b9f285302c6e3064f4330c05f05b81945b2a39544279343e6e7c5f27a9baddc"},
    {file = "click-8.3.0.tar.gz", hash = "sha256:e7b8232224eba16f4ebe410c25ced9f7875cb5f3263ffc93cc3e8da705e229c4"},
]

[[package]]
name = "colorama"
version = "0.4.6"
summary = ""
files = [
    {file = "colorama-0.4.6-py2.py3-none-any.whl", hash = "sha256:4f1d9991f5acc0ca119f9d443620b77f9d6b33703e51011c16baf57afb285fc6"},
    {file = "colorama-0.4.6.tar.gz", hash = "sha256:08695f5cb7ed6e0531a20572697297273c47b8cae5a63ffc6d6ed5c201be6e44"},
]

[[package]]
name = "coverage"
version = "7.11.0"
summary = ""
files = [
    {file = "coverage-7.11.0-cp313-cp313-macosx_10_13_x86_64.whl", hash = "sha256:cc3f49e65ea6e0d5d9bd60368684fe52a704d46f9e7fc413918f18d046ec40e1"},
    {file = "coverage-7.11.0-cp313-cp313-macosx_11_0_arm64.whl", hash = "sha256:f39ae2f63f37472c17b4990f794035c9890418b1b8cca75c01193f3c8d3e01be"},
    {file = "coverage-7.11.0-cp313-cp313-manylinux1_i686.manylinux_2_28_i686.manylinux_2_5_i686.whl", hash = "sha256:7db53b5cdd2917b6eaadd0b1251cf4e7d96f4a8d24e174bdbdf2f65b5ea7994d"},
    {file = "coverage-7.11.0-cp313-cp313-manylinux1_x86_64.manylinux_2_28_x86_64.manylinux_2_5_x86_64.whl", hash = "sha256:10ad04ac3a122048688387828b4537bc9cf60c0bf4869c1e9989c46e45690b82"},
    {file = "coverage-7.11.0-cp313-cp313-manylinux2014_aarch64.manylinux_2_17_aarch64.manylinux_2_28_aarch64.whl", hash = "sha256:4036cc9c7983a2b1f2556d574d2eb2154ac6ed55114761685657e38782b23f52"},
    {file = "coverage-7.11.0-cp313-cp313-manylinux_2_31_riscv64.manylinux_2_39_riscv64.whl", hash = "sha256:7ab934dd13b1c5e94b692b1e01bd87e4488cb746e3a50f798cb9464fd128374b"},
    {file = "coverage-7.11.0-cp313-cp313-musllinux_1_2_aarch64.whl", hash = "sha256:59a6e5a265f7cfc05f76e3bb53eca2e0dfe90f05e07e849930fecd6abb8f40b4"},
    {file = "coverage-7.11.0-cp313-cp313-musllinux_1_2_i686.whl", hash = "sha256:df01d6c4c81e15a7c88337b795bb7595a8596e92310266b5072c7e301168efbd"},
    {file = "coverage-7.11.0-cp313-cp313-musllinux_1_2_riscv64.whl", hash = "sha256:8c934bd088eed6174210942761e38ee81d28c46de0132ebb1801dbe36a390dcc"},
    {file = "coverage-7.11.0-cp313-cp313-musllinux_1_2_x86_64.whl", hash = "sha256:5a03eaf7ec24078ad64a07f02e30060aaf22b91dedf31a6b24d0d98d2bba7f48"},
    {file = "coverage-7.11.0-cp313-cp313-win32.whl", hash = "sha256:695340f698a5f56f795b2836abe6fb576e7c53d48cd155ad2f80fd24bc63a040"},
    {file = "coverage-7.11.0-cp313-cp313-win_amd64.whl", hash = "sha256:2727d47fce3ee2bac648528e41455d1b0c46395a087a229deac75e9f88ba5a05"},
    {file = "coverage-7.11.0-cp313-cp313-win_arm64.whl", hash = "sha256:0efa742f431529699712b92ecdf22de8ff198df41e43aeaaadf69973eb93f17a"},
    {file = "coverage-7.11.0-cp313-cp313t-macosx_10_13_x86_64.whl", hash = "sha256:587c38849b853b157706407e9ebdca8fd12f45869edb56defbef2daa5fb0812b"},
    {file = "coverage-7.11.0-cp313-cp313t-macosx_11_0_arm64.whl", hash = "sha256:b971bdefdd75096163dd4261c74be813c4508477e39ff7b92191dea19f24cd37"},
    {file = "coverage-7.11.0-cp313-cp313t-manylinux1_i686.manylinux_2_28_i686.manylinux_2_5_i686.whl", hash = "sha256:269bfe913b7d5be12ab13a95f3a76da23cf147be7fa043933320ba5625f0a8de"},
    {file = "coverage-7.11.0-cp313-cp313t-manylinux1_x86_64.manylinux_2_28_x86_64.manylinux_2_5_x86_64.whl", hash = "sha256:dadbcce51a10c07b7c72b0ce4a25e4b6dcb0c0372846afb8e5b6307a121eb99f"},
    {file = "coverage-7.11.0-cp313-cp313t-manylinux2014_aarch64.manylinux_2_17_aarch64.manylinux_2_28_aarch64.whl", hash = "sha256:9ed43fa22c6436f7957df036331f8fe4efa7af132054e1844918866cd228af6c"},
    {file = "coverage-7.11.0-cp313-cp313t-manylinux_2_31_riscv64.manylinux_2_39_riscv64.whl", hash = "sha256:9516add7256b6713ec08359b7b05aeff8850c98d357784c7205b2e60aa2513fa"},
    {file = "coverage-7.11.0-cp313-cp313t-musllinux_1_2_aarch64.whl", hash = "sha256:eb92e47c92fcbcdc692f428da67db33337fa213756f7adb6a011f7b5a7a20740"},
    {file = "coverage-7.11.0-cp313-cp313t-musllinux_1_2_i686.whl", hash = "sha256:d06f4fc7acf3cabd6d74941d53329e06bab00a8fe10e4df2714f0b134bfc64ef"},
    {file = "coverage-7.11.0-cp313-cp313t-musllinux_1_2_riscv64.whl", hash = "sha256:6fbcee1a8f056af07ecd344482f711f563a9eb1c2cad192e87df00338ec3cdb0"},
    {file = "coverage-7.11.0-cp313-cp313t-musllinux_1_2_x86_64.whl", hash = "sha256:dbbf012be5f32533a490709ad597ad8a8ff80c582a95adc8d62af664e532f9ca"},
    {file = "coverage-7.11.0-cp313-cp313t-win32.whl", hash = "sha256:cee6291bb4fed184f1c2b663606a115c743df98a537c969c3c64b49989da96c2"},
    {file = "coverage-7.11.0-cp313-cp313t-win_amd64.whl", hash = "sha256:a386c1061bf98e7ea4758e4313c0ab5ecf57af341ef0f43a0bf26c2477b5c268"},
    {file = "coverage-7.11.0-cp313-cp313t-win_arm64.whl", hash = "sha256:f9ea02ef40bb83823b2b04964459d281688fe173e20643870bb5d2edf68bc836"},
    {file = "coverage-7.11.0-py3-none-any.whl", hash = "sha256:4b7589765348d78fb4e5fb6ea35d07564e387da2fc5efff62e0222971f155f68"},
    {file = "coverage-7.11.0.tar.gz", hash = "sha256:167bd504ac1ca2af7ff3b81d245dfea0292c5032ebef9d66cc08a7d28c1b8050"},
]

[[package]]
name = "fastapi"
version = "0.121.0"
summary = ""
dependencies = [
    "annotated-doc",
    "pydantic",
    "starlette",
    "typing-extensions",
]
files = [
    {file = "fastapi-0.121.0-py3-none-any.whl", hash = "sha256:8bdf1b15a55f4e4b0d6201033da9109ea15632cb76cf156e7b8b4019f2172106"},
    {file = "fastapi-0.121.0.tar.gz", hash = "sha256:06663356a0b1ee93e875bbf05a31fb22314f5bed455afaaad2b2dad7f26e98fa"},
]

[[package]]
name = "folium"
version = "0.20.0"
summary = ""
dependencies = [
    "branca",
    "jinja2",
    "numpy",
    "requests",
    "xyzservices",
]
files = [
    {file = "folium-0.20.0-py2.py3-none-any.whl", hash = "sha256:f0bc2a92acde20bca56367aa5c1c376c433f450608d058daebab2fc9bf8198bf"},
    {file = "folium-0.20.0.tar.gz", hash = "sha256:a0d78b9d5a36ba7589ca9aedbd433e84e9fcab79cd6ac213adbcff922e454cb9"},
]

[[package]]
name = "freezegun"
version = "1.5.5"
summary = ""
dependencies = [
    "python-dateutil",
]
files = [
    {file = "freezegun-1.5.5-py3-none-any.whl", hash = "sha256:cd557f4a75cf074e84bc374249b9dd491eaeacd61376b9eb3c423282211619d2"},
    {file = "freezegun-1.5.5.tar.gz", hash = "sha256:ac7742a6cc6c25a2c35e9292dfd554b897b517d2dec26891a2e8debf205cb94a"},
]

[[package]]
name = "googlemaps"
version = "4.10.0"
summary = ""
dependencies = [
    "requests",
]
files = [
    {file = "googlemaps-4.10.0.tar.gz", hash = "sha256:3055fcbb1aa262a9159b589b5e6af762b10e80634ae11c59495bd44867e47d88"},
]

[[package]]
name = "h11"
version = "0.16.0"
summary = ""
files = [
    {file = "h11-0.16.0-py3-none-any.whl", hash = "sha256:63cf8bbe7522de3bf65932fda1d9c2772064ffb3dae62d55932da54b31cb6c86"},
    {file = "h11-0.16.0.tar.gz", hash = "sha256:4e35b956cf45792e4caa5885e69fba00bdbc6ffafbfa020300e549b208ee5ff1"},
]

[[package]]
name = "idna"
version = "3.11"
summary = ""
files = [
    {file = "idna-3.11-py3-none-any.whl", hash = "sha256:771a87f49d9defaf64091e6e6fe9c18d4833f140bd19464795bc32d966ca37ea"},
    {file = "idna-3.11.tar.gz", hash = "sha256:795dafcc9c04ed0c1fb032c2aa73654d8e8c5023a7df64a53f39190ada629902"},
]

[[package]]
name = "iniconfig"
version = "2.3.0"
summary = ""
files = [
    {file = "iniconfig-2.3.0-py3-none-any.whl", hash = "sha256:f631c04d2c48c52b84d0d0549c99ff3859c98df65b3101406327ecc7d53fbf12"},
    {file = "iniconfig-2.3.0.tar.gz", hash = "sha256:c76315c77db068650d49c5b56314774a7804df16fee4402c1f19d6d15d8c4730"},
]

[[package]]
name = "jinja2"
version = "3.1.6"
summary = ""
dependencies = [
    "markupsafe",
]
files = [
    {file = "jinja2-3.1.6-py3-none-any.whl", hash = "sha256:85ece4451f492d0c13c5dd7c13a64681a86afae63a5f347908daf103ce6d2f67"},
    {file = "jinja2-3.1.6.tar.gz", hash = "sha256:0137fb05990d35f1275a587e9aee6d56da821fc83491a0fb838183be43f66d6d"},
]

[[package]]
name = "markupsafe"
version = "3.0.3"
summary = ""
files = [
    {file = "markupsafe-3.0.3-cp313-cp313-macosx_10_13_x86_64.whl", hash = "sha256:e1cf1972137e83c5d4c136c43ced9ac51d0e124706ee1c8aa8532c1287fa8795"},
    {file = "markupsafe-3.0.3-cp313-cp313-macosx_11_0_arm64.whl", hash = "sha256:116bb52f642a37c115f517494ea5feb03889e04df47eeff5b130b1808ce7c219"},
    {file = "markupsafe-3.0.3-cp313-cp313-manylinux2014_aarch64.manylinux_2_17_aarch64.manylinux_2_28_aarch64.whl", hash = "sha256:133a43e73a802c5562be9bbcd03d090aa5a1fe899db609c29e8c8d815c5f6de6"},
    {file = "markupsafe-3.0.3-cp313-cp313-manylinux2014_x86_64.manylinux_2_17_x86_64.manylinux_2_28_x86_64.whl", hash = "sha256:ccfcd093f13f0f0b7fdd0f198b90053bf7b2f02a3927a30e63f3ccc9df56b676"},
    {file = "markupsafe-3.0.3-cp313-cp313-manylinux_2_31_riscv64.manylinux_2_39_riscv64.whl", hash = "sha256:509fa21c6deb7a7a273d629cf5ec029bc209d1a51178615ddf718f5918992ab9"},
    {file = "markupsafe-3.0.3-cp313-cp313-musllinux_1_2_aarch64.whl", hash = "sha256:a4afe79fb3de0b7097d81da19090f4df4f8d3a2b3adaa8764138aac2e44f3af1"},
    {file = "markupsafe-3.0.3-cp313-cp313-musllinux_1_2_riscv64.whl", hash = "sha256:795e7751525cae078558e679d646ae45574b47ed6e7771863fcc079a6171a0fc"},
    {file = "markupsafe-3.0.3-cp313-cp313-musllinux_1_2_x86_64.whl", hash = "sha256:8485f406a96febb5140bfeca44a73e3ce5116b2501ac54fe953e488fb1d03b12"},
    {file = "markupsafe-3.0.3-cp313-cp313-win32.whl", hash = "sha256:bdd37121970bfd8be76c5fb069c7751683bdf373db1ed6c010162b2a130248ed"},
    {file = "markupsafe-3.0.3-cp313-cp313-win_amd64.whl", hash = "sha256:9a1abfdc021a164803f4d485104931fb8f8c1efd55bc6b748d2f5774e78b62c5"},
    {file = "markupsafe-3.0.3-cp313-cp313-win_arm64.whl", hash = "sha256:7e68f88e5b8799aa49c85cd116c932a1ac15caaa3f5db09087854d218359e485"},
    {file = "markupsafe-3.0.3-cp313-cp313t-macosx_10_13_x86_64.whl", hash = "sha256:218551f6df4868a8d527e3062d0fb968682fe92054e89978594c28e642c43a73"},
    {file = "markupsafe-3.0.3-cp313-cp313t-macosx_11_0_arm64.whl", hash = "sha256:3524b778fe5cfb3452a09d31e7b5adefeea8c5be1d43c4f810ba09f2ceb29d37"},
    {file = "markupsafe-3.0.3-cp313-cp313t-manylinux2014_aarch64.manylinux_2_17_aarch64.manylinux_2_28_aarch64.whl", hash = "sha256:4e885a3d1efa2eadc93c894a21770e4bc67899e3543680313b09f139e149ab19"},
    {file = "markupsafe-3.0.3-cp313-cp313t-manylinux2014_x86_64.manylinux_2_17_x86_64.manylinux_2_28_x86_64.whl", hash = "sha256:8709b08f4a89aa7586de0aadc8da56180242ee0ada3999749b183aa23df95025"},
    {file = "markupsafe-3.0.3-cp313-cp313t-manylinux_2_31_riscv64.manylinux_2_39_riscv64.whl", hash = "sha256:b8512a91625c9b3da6f127803b166b629725e68af71f8184ae7e7d54686a56d6"},
    {file = "markupsafe-3.0.3-cp313-cp313t-musllinux_1_2_aarch64.whl", hash = "sha256:9b79b7a16f7fedff2495d684f2b59b0457c3b493778c9eed31111be64d58279f"},
    {file = "markupsafe-3.0.3-cp313-cp313t-musllinux_1_2_riscv64.whl", hash = "sha256:12c63dfb4a98206f045aa9563db46507995f7ef6d83b2f68eda65c307c6829eb"},
    {file = "markupsafe-3.0.3-cp313-cp313t-musllinux_1_2_x86_64.whl", hash = "sha256:8f71bc33915be5186016f675cd83a1e08523649b0e33efdb898db577ef5bb009"},
    {file = "markupsafe-3.0.3-cp313-cp313t-win32.whl", hash = "sha256:69c0b73548bc525c8cb9a251cddf1931d1db4d2258e9599c28c07ef3580ef354"},
    {file = "markupsafe-3.0.3-cp313-cp313t-win_amd64.whl", hash = "sha256:1b4b79e8ebf6b55351f0d91fe80f893b4743f104bff22e90697db1590e47a218"},
    {file = "markupsafe-3.0.3-cp313-cp313t-win_arm64.whl", hash = "sha256:ad2cf8aa28b8c020ab2fc8287b0f823d0a7d8630784c31e9ee5edea20f406287"},
    {file = "markupsafe-3.0.3.tar.gz", hash = "sha256:722695808f4b6457b320fdc131280796bdceb04ab50fe1795cd540799ebe1698"},
]

[[package]]
name = "numpy"
version = "2.3.4"
summary = ""
files = [
    {file = "numpy-2.3.4-cp313-cp313-macosx_10_13_x86_64.whl", hash = "sha256:c090d4860032b857d94144d1a9976b8e36709e40386db289aaf6672de2a81966"},
    {file = "numpy-2.3.4-cp313-cp313-macosx_11_0_arm64.whl", hash = "sha256:a13fc473b6db0be619e45f11f9e81260f7302f8d180c49a22b6e6120022596b3"},
    {file = "numpy-2.3.4-cp313-cp313-macosx_14_0_arm64.whl", hash = "sha256:3634093d0b428e6c32c3a69b78e554f0cd20ee420dcad5a9f3b2a63762ce4197"},
    {file = "numpy-2.3.4-cp313-cp313-macosx_14_0_x86_64.whl", hash = "sha256:043885b4f7e6e232d7df4f51ffdef8c36320ee9d5f227b380ea636722c7ed12e"},
    {file = "numpy-2.3.4-cp313-cp313-manylinux_2_27_aarch64.manylinux_2_28_aarch64.whl", hash = "sha256:4ee6a571d1e4f0ea6d5f22d6e5fbd6ed1dc2b18542848e1e7301bd190500c9d7"},
    {file = "numpy-2.3.4-cp313-cp313-manylinux_2_27_x86_64.manylinux_2_28_x86_64.whl", hash = "sha256:fc8a63918b04b8571789688b2780ab2b4a33ab44bfe8ccea36d3eba51228c953"},
    {file = "numpy-2.3.4-cp313-cp313-musllinux_1_2_aarch64.whl", hash = "sha256:40cc556d5abbc54aabe2b1ae287042d7bdb80c08edede19f0c0afb36ae586f37"},
    {file = "numpy-2.3.4-cp313-cp313-musllinux_1_2_x86_64.whl", hash = "sha256:ecb63014bb7f4ce653f8be7f1df8cbc6093a5a2811211770f6606cc92b5a78fd"},
    {file = "numpy-2.3.4-cp313-cp313-win32.whl", hash = "sha256:e8370eb6925bb8c1c4264fec52b0384b44f675f191df91cbe0140ec9f0955646"},
    {file = "numpy-2.3.4-cp313-cp313-win_amd64.whl", hash = "sha256:56209416e81a7893036eea03abcb91c130643eb14233b2515c90dcac963fe99d"},
    {file = "numpy-2.3.4-cp313-cp313-win_arm64.whl", hash = "sha256:a700a4031bc0fd6936e78a752eefb79092cecad2599ea9c8039c548bc097f9bc"},
    {file = "numpy-2.3.4-cp313-cp313t-macosx_10_13_x86_64.whl", hash = "sha256:86966db35c4040fdca64f0816a1c1dd8dbd027d90fca5a57e00e1ca4cd41b879"},
    {file = "numpy-2.3.4-cp313-cp313t-macosx_11_0_arm64.whl", hash = "sha256:838f045478638b26c375ee96ea89464d38428c69170360b23a1a50fa4baa3562"},
    {file = "numpy-2.3.4-cp313-cp313t-macosx_14_0_arm64.whl", hash = "sha256:d7315ed1dab0286adca467377c8381cd748f3dc92235f22a7dfc42745644a96a"},
    {file = "numpy-2.3.4-cp313-cp313t-macosx_14_0_x86_64.whl", hash = "sha256:84f01a4d18b2cc4ade1814a08e5f3c907b079c847051d720fad15ce37aa930b6"},
    {file = "numpy-2.3.4-cp313-cp313t-manylinux_2_27_aarch64.manylinux_2_28_aarch64.whl", hash = "sha256:817e719a868f0dacde4abdfc5c1910b301877970195db9ab6a5e2c4bd5b121f7"},
    {file = "numpy-2.3.4-cp313-cp313t-manylinux_2_27_x86_64.manylinux_2_28_x86_64.whl", hash = "sha256:85e071da78d92a214212cacea81c6da557cab307f2c34b5f85b628e94803f9c0"},
    {file = "numpy-2.3.4-cp313-cp313t-musllinux_1_2_aarch64.whl", hash = "sha256:2ec646892819370cf3558f518797f16597b4e4669894a2ba712caccc9da53f1f"},
    {file = "numpy-2.3.4-cp313-cp313t-musllinux_1_2_x86_64.whl", hash = "sha256:035796aaaddfe2f9664b9a9372f089cfc88bd795a67bd1bfe15e6e770934cf64"},
    {file = "numpy-2.3.4-cp313-cp313t-win32.whl", hash = "sha256:fea80f4f4cf83b54c3a051f2f727870ee51e22f0248d3114b8e755d160b38cfb"},
    {file = "numpy-2.3.4-cp313-cp313t-win_amd64.whl", hash = "sha256:15eea9f306b98e0be91eb344a94c0e630689ef302e10c2ce5f7e11905c704f9c"},
    {file = "numpy-2.3.4-cp313-cp313t-win_arm64.whl", hash = "sha256:b6c231c9c2fadbae4011ca5e7e83e12dc4a5072f1a1d85a0a7b3ed754d145a40"},
    {file = "numpy-2.3.4.tar.gz", hash = "sha256:a7d018bfedb375a8d979ac758b120ba846a7fe764911a64465fd87b8729f4a6a"},
]

[[package]]
name = "packaging"
version = "25.0"
summary = ""
files = [
    {file = "packaging-25.0-py3-none-any.whl", hash = "sha256:29572ef2b1f17581046b3a2227d5c611fb25ec70ca1ba8554b24b0e69331a484"},
    {file = "packaging-25.0.tar.gz", hash = "sha256:d443872c98d677bf60f6a1f2f8c1cb748e8fe762d2bf9d3148b5599295b0fc4f"},
]

[[package]]
name = "pluggy"
version = "1.6.0"
summary = ""
files = [
    {file = "pluggy-1.6.0-py3-none-any.whl", hash = "sha256:e920276dd6813095e9377c0bc5566d94c932c33b27a3e3945d8389c374dd4746"},
    {file = "pluggy-1.6.0.tar.gz", hash = "sha256:7dcc130b76258d33b90f61b658791dede3486c3e6bfb003ee5c9bfb396dd22f3"},
]

[[package]]
name = "psycopg2-binary"
version = "2.9.11"
summary = ""
files = [
    {file = "psycopg2-binary-2.9.11.tar.gz", hash = "sha256:b6aed9e096bf63f9e75edf2581aa9a7e7186d97ab5c177aa6c87797cd591236c"},
    {file = "psycopg2_binary-2.9.11-cp313-cp313-macosx_10_13_x86_64.whl", hash = "sha256:b8fb3db325435d34235b044b199e56cdf9ff41223a4b9752e8576465170bb38c"},
    {file = "psycopg2_binary-2.9.11-cp313-cp313-macosx_11_0_arm64.whl", hash = "sha256:366df99e710a2acd90efed3764bb1e28df6c675d33a7fb40df9b7281694432ee"},
    {file = "psycopg2_binary-2.9.11-cp313-cp313-manylinux2014_aarch64.manylinux_2_17_aarch64.whl", hash = "sha256:8c55b385daa2f92cb64b12ec4536c66954ac53654c7f15a203578da4e78105c0"},
    {file = "psycopg2_binary-2.9.11-cp313-cp313-manylinux2014_ppc64le.manylinux_2_17_ppc64le.whl", hash = "sha256:c0377174bf1dd416993d16edc15357f6eb17ac998244cca19bc67cdc0e2e5766"},
    {file = "psycopg2_binary-2.9.11-cp313-cp313-manylinux2014_x86_64.manylinux_2_17_x86_64.whl", hash = "sha256:5c6ff3335ce08c75afaed19e08699e8aacf95d4a260b495a4a8545244fe2ceb3"},
    {file = "psycopg2_binary-2.9.11-cp313-cp313-manylinux_2_38_riscv64.manylinux_2_39_riscv64.whl", hash = "sha256:84011ba3109e06ac412f95399b704d3d6950e386b7994475b231cf61eec2fc1f"},
    {file = "psycopg2_binary-2.9.11-cp313-cp313-musllinux_1_2_aarch64.whl", hash = "sha256:ba34475ceb08cccbdd98f6b46916917ae6eeb92b5ae111df10b544c3a4621dc4"},
    {file = "psycopg2_binary-2.9.11-cp313-cp313-musllinux_1_2_ppc64le.whl", hash = "sha256:b31e90fdd0f968c2de3b26ab014314fe814225b6c324f770952f7d38abf17e3c"},
    {file = "psycopg2_binary-2.9.11-cp313-cp313-musllinux_1_2_riscv64.whl", hash = "sha256:d526864e0f67f74937a8fce859bd56c979f5e2ec57ca7c627f5f1071ef7fee60"},
    {file = "psycopg2_binary-2.9.11-cp313-cp313-musllinux_1_2_x86_64.whl", hash = "sha256:04195548662fa544626c8ea0f06561eb6203f1984ba5b4562764fbeb4c3d14b1"},
    {file = "psycopg2_binary-2.9.11-cp313-cp313-win_amd64.whl", hash = "sha256:efff12b432179443f54e230fdf60de1f6cc726b6c832db8701227d089310e8aa"},
]

[[package]]
name = "pydantic"
version = "2.12.4"
summary = ""
dependencies = [
    "annotated-types",
    "pydantic-core",
    "typing-extensions",
    "typing-inspection",
]
files = [
    {file = "pydantic-2.12.4-py3-none-any.whl", hash = "sha256:92d3d202a745d46f9be6df459ac5a064fdaa3c1c4cd8adcfa332ccf3c05f871e"},
    {file = "pydantic-2.12.4.tar.gz", hash = "sha256:0f8cb9555000a4b5b617f66bfd2566264c4984b27589d3b845685983e8ea85ac"},
]

[[package]]
name = "pydantic-core"
version = "2.41.5"
summary = ""
dependencies = [
    "typing-extensions",
]
files = [
    {file = "pydantic_core-2.41.5-cp313-cp313-macosx_10_12_x86_64.whl", hash = "sha256:941103c9be18ac8daf7b7adca8228f8ed6bb7a1849020f643b3a14d15b1924d9"},
    {file = "pydantic_core-2.41.5-cp313-cp313-macosx_11_0_arm64.whl", hash = "sha256:112e305c3314f40c93998e567879e887a3160bb8689ef3d2c04b6cc62c33ac34"},
    {file = "pydantic_core-2.41.5-cp313-cp313-manylinux_2_17_aarch64.manylinux2014_aarch64.whl", hash = "sha256:0cbaad15cb0c90aa221d43c00e77bb33c93e8d36e0bf74760cd00e732d10a6a0"},
    {file = "pydantic_core-2.41.5-cp313-cp313-manylinux_2_17_armv7l.manylinux2014_armv7l.whl", hash = "sha256:03ca43e12fab6023fc79d28ca6b39b05f794ad08ec2feccc59a339b02f2b3d33"},
    {file = "pydantic_core-2.41.5-cp313-cp313-manylinux_2_17_ppc64le.manylinux2014_ppc64le.whl", hash = "sha256:dc799088c08fa04e43144b164feb0c13f9a0bc40503f8df3e9fde58a3c0c101e"},
    {file = "pydantic_core-2.41.5-cp313-cp313-manylinux_2_17_s390x.manylinux2014_s390x.whl", hash = "sha256:97aeba56665b4c3235a0e52b2c2f5ae9cd071b8a8310ad27bddb3f7fb30e9aa2"},
    {file = "pydantic_core-2.41.5-cp313-cp313-manylinux_2_17_x86_64.manylinux2014_x86_64.whl", hash = "sha256:406bf18d345822d6c21366031003612b9c77b3e29ffdb0f612367352aab7d586"},
    {file = "pydantic_core-2.41.5-cp313-cp313-manylinux_2_5_i686.manylinux1_i686.whl", hash = "sha256:b93590ae81f7010dbe380cdeab6f515902ebcbefe0b9327cc4804d74e93ae69d"},
    {file = "pydantic_core-2.41.5-cp313-cp313-musllinux_1_1_aarch64.whl", hash = "sha256:01a3d0ab748ee531f4ea6c3e48ad9dac84ddba4b0d82291f87248f2f9de8d740"},
    {file = "pydantic_core-2.41.5-cp313-cp313-musllinux_1_1_armv7l.whl", hash = "sha256:6561e94ba9dacc9c61bce40e2d6bdc3bfaa0259d3ff36ace3b1e6901936d2e3e"},
    {file = "pydantic_core-2.41.5-cp313-cp313-musllinux_1_1_x86_64.whl", hash = "sha256:915c3d10f81bec3a74fbd4faebe8391013ba61e5a1a8d48c4455b923bdda7858"},
    {file = "pydantic_core-2.41.5-cp313-cp313-win32.whl", hash = "sha256:650ae77860b45cfa6e2cdafc42618ceafab3a2d9a3811fcfbd3bbf8ac3c40d36"},
    {file = "pydantic_core-2.41.5-cp313-cp313-win_amd64.whl", hash = "sha256:79ec52ec461e99e13791ec6508c722742ad745571f234ea6255bed38c6480f11"},
    {file = "pydantic_core-2.41.5-cp313-cp313-win_arm64.whl", hash = "sha256:3f84d5c1b4ab906093bdc1ff10484838aca54ef08de4afa9de0f5f14d69639cd"},
    {file = "pydantic_core-2.41.5.tar.gz", hash = "sha256:08daa51ea16ad373ffd5e7606252cc32f07bc72b28284b6bc9c6df804816476e"},
]

[[package]]
name = "pygments"
version = "2.19.2"
summary = ""
files = [
    {file = "pygments-2.19.2-py3-none-any.whl", hash = "sha256:86540386c03d588bb81d44bc3928634ff26449851e99741617ecb9037ee5ec0b"},
    {file = "pygments-2.19.2.tar.gz", hash = "sha256:636cb2477cec7f8952536970bc533bc43743542f70392ae026374600add5b887"},
]

[[package]]
name = "pyjwt"
version = "2.10.1"
summary = ""
files = [
    {file = "PyJWT-2.10.1-py3-none-any.whl", hash = "sha256:dcdd193e30abefd5debf142f9adfcdd2b58004e644f25406ffaebd50bd98dacb"},
    {file = "pyjwt-2.10.1.tar.gz", hash = "sha256:3cc5772eb20009233caf06e9d8a0577824723b44e6648ee0a2aedb6cf9381953"},
]

[[package]]
name = "pyrefly"
version = "0.40.0"
summary = ""
files = [
    {file = "pyrefly-0.40.0-py3-none-macosx_10_12_x86_64.whl", hash = "sha256:ac856cb7af6b2c3f43bdd684579b4bb122adf66fb98908cddd7b36c0b905b040"},
    {file = "pyrefly-0.40.0-py3-none-macosx_11_0_arm64.whl", hash = "sha256:d6550055d73fbb921437f246d99397b0ae5c794ca81e0c328e60e164ef32e7ce"},
    {file = "pyrefly-0.40.0-py3-none-manylinux_2_17_aarch64.manylinux2014_aarch64.whl", hash = "sha256:925073c6f823445d41b3e4ba6eaf62b28acaa444e1a5dc66ebbe1a9d134251a0"},
    {file = "pyrefly-0.40.0-py3-none-manylinux_2_17_i686.manylinux2014_i686.whl", hash = "sha256:28097f49497cf75818d428a080f69e70a7673ea1aab1fc6d796b333f1822e0e3"},
    {file = "pyrefly-0.40.0-py3-none-manylinux_2_17_x86_64.manylinux2014_x86_64.whl", hash = "sha256:de3ff4fdb4adb5d2aeb3752811d8da2ae76f8431fed6ae84693fd7a51acc3cfd"},
    {file = "pyrefly-0.40.0-py3-none-win32.whl", hash = "sha256:13d2d67184fd8044d687dff04ad78ec5b845644ccd83505ec67ef61997a82f06"},
    {file = "pyrefly-0.40.0-py3-none-win_amd64.whl", hash = "sha256:0332491f3521ca228f1e2f0bbfbe9b5a65835c5d53887649e65638c1262dbe53"},
    {file = "pyrefly-0.40.0-py3-none-win_arm64.whl", hash = "sha256:35b5439994b3a760f986067743c8c5fde09acd1c1bc46dbc9b092b58a4711d4a"},
    {file = "pyrefly-0.40.0.tar.gz", hash = "sha256:1003592ecc0bc605fc060480c5b061b5d34f4f919c391c12f239a51c8865a061"},
]

[[package]]
name = "pytest"
version = "8.4.2"
summary = ""
dependencies = [
    "colorama; sys_platform == \"win32\"",
    "iniconfig",
    "packaging",
    "pluggy",
    "pygments",
]
files = [
    {file = "pytest-8.4.2-py3-none-any.whl", hash = "sha256:872f880de3fc3a5bdc88a11b39c9710c3497a547cfa9320bc3c5e62fbf272e79"},
    {file = "pytest-8.4.2.tar.gz", hash = "sha256:86c0d0b93306b961d58d62a4db4879f27fe25513d4b969df351abdddb3c30e01"},
]

[[package]]
name = "pytest-cov"
version = "7.0.0"
summary = ""
dependencies = [
    "coverage",
    "pluggy",
    "pytest",
]
files = [
    {file = "pytest_cov-7.0.0-py3-none-any.whl", hash = "sha256:3b8e9558b16cc1479da72058bdecf8073661c7f57f7d3c5f22a1c23507f2d861"},
    {file = "pytest_cov-7.0.0.tar.gz", hash = "sha256:33c97eda2e049a0c5298e91f519302a1334c26ac65c1a483d6206fd458361af1"},
]

[[package]]
name = "python-dateutil"
version = "2.9.0.post0"
summary = ""
dependencies = [
    "six",
]
files = [
    {file = "python-dateutil-2.9.0.post0.tar.gz", hash = "sha256:37dd54208da7e1cd875388217d5e00ebd4179249f90fb72437e91a35459a0ad3"},
    {file = "python_dateutil-2.9.0.post0-py2.py3-none-any.whl", hash = "sha256:a8b2bc7bffae282281c8140a97d3aa9c14da0b136dfe83f850eea9a5f7470427"},
]

[[package]]
name = "python-dotenv"
version = "1.2.1"
summary = ""
files = [
    {file = "python_dotenv-1.2.1-py3-none-any.whl", hash = "sha256:b81ee9561e9ca4004139c6cbba3a238c32b03e4894671e181b671e8cb8425d61"},
    {file = "python_dotenv-1.2.1.tar.gz", hash = "sha256:42667e897e16ab0d66954af0e60a9caa94f0fd4ecf3aaf6d2d260eec1aa36ad6"},
]

[[package]]
name = "requests"
version = "2.32.5"
summary = ""
dependencies = [
    "certifi",
    "charset-normalizer",
    "idna",
    "urllib3",
]
files = [
    {file = "requests-2.32.5-py3-none-any.whl", hash = "sha256:2462f94637a34fd532264295e186976db0f5d453d1cdd31473c85a6a161affb6"},
    {file = "requests-2.32.5.tar.gz", hash = "sha256:dbba0bac56e100853db0ea71b82b4dfd5fe2bf6d3754a8893c3af500cec7d7cf"},
]

[[package]]
name = "ruff"
version = "0.14.3"
summary = ""
files = [
    {file = "ruff-0.14.3-py3-none-linux_armv6l.whl", hash = "sha256:876b21e6c824f519446715c1342b8e60f97f93264012de9d8d10314f8a79c371"},
    {file = "ruff-0.14.3-py3-none-macosx_10_12_x86_64.whl", hash = "sha256:b6fd8c79b457bedd2abf2702b9b472147cd860ed7855c73a5247fa55c9117654"},
    {file = "ruff-0.14.3-py3-none-macosx_11_0_arm64.whl", hash = "sha256:71ff6edca490c308f083156938c0c1a66907151263c4abdcb588602c6e696a14"},
    {file = "ruff-0.14.3-py3-none-manylinux_2_17_aarch64.manylinux2014_aarch64.whl", hash = "sha256:786ee3ce6139772ff9272aaf43296d975c0217ee1b97538a98171bf0d21f87ed"},
    {file = "ruff-0.14.3-py3-none-manylinux_2_17_armv7l.manylinux2014_armv7l.whl", hash = "sha256:cd6291d0061811c52b8e392f946889916757610d45d004e41140d81fb6cd5ddc"},
    {file = "ruff-0.14.3-py3-none-manylinux_2_17_i686.manylinux2014_i686.whl", hash = "sha256:a497ec0c3d2c88561b6d90f9c29f5ae68221ac00d471f306fa21fa4264ce5fcd"},
    {file = "ruff-0.14.3-py3-none-manylinux_2_17_ppc64.manylinux2014_ppc64.whl", hash = "sha256:e231e1be58fc568950a04fbe6887c8e4b85310e7889727e2b81db205c45059eb"},
    {file = "ruff-0.14.3-py3-none-manylinux_2_17_ppc64le.manylinux2014_ppc64le.whl", hash = "sha256:469e35872a09c0e45fecf48dd960bfbce056b5db2d5e6b50eca329b4f853ae20"},
    {file = "ruff-0.14.3-py3-none-manylinux_2_17_s390x.manylinux2014_s390x.whl", hash = "sha256:3d6bc90307c469cb9d28b7cfad90aaa600b10d67c6e22026869f585e1e8a2db0"},
    {file = "ruff-0.14.3-py3-none-manylinux_2_17_x86_64.manylinux2014_x86_64.whl", hash = "sha256:0e2f8a0bbcffcfd895df39c9a4ecd59bb80dca03dc43f7fb63e647ed176b741e"},
    {file = "ruff-0.14.3-py3-none-manylinux_2_31_riscv64.whl", hash = "sha256:678fdd7c7d2d94851597c23ee6336d25f9930b460b55f8598e011b57c74fd8c5"},
    {file = "ruff-0.14.3-py3-none-musllinux_1_2_aarch64.whl", hash = "sha256:1ec1ac071e7e37e0221d2f2dbaf90897a988c531a8592a6a5959f0603a1ecf5e"},
    {file = "ruff-0.14.3-py3-none-musllinux_1_2_armv7l.whl", hash = "sha256:afcdc4b5335ef440d19e7df9e8ae2ad9f749352190e96d481dc501b753f0733e"},
    {file = "ruff-0.14.3-py3-none-musllinux_1_2_i686.whl", hash = "sha256:7bfc42f81862749a7136267a343990f865e71fe2f99cf8d2958f684d23ce3dfa"},
    {file = "ruff-0.14.3-py3-none-musllinux_1_2_x86_64.whl", hash = "sha256:a65e448cfd7e9c59fae8cf37f9221585d3354febaad9a07f29158af1528e165f"},
    {file = "ruff-0.14.3-py3-none-win32.whl", hash = "sha256:f3d91857d023ba93e14ed2d462ab62c3428f9bbf2b4fbac50a03ca66d31991f7"},
    {file = "ruff-0.14.3-py3-none-win_amd64.whl", hash = "sha256:d7b7006ac0756306db212fd37116cce2bd307e1e109375e1c6c106002df0ae5f"},
    {file = "ruff-0.14.3-py3-none-win_arm64.whl", hash = "sha256:26eb477ede6d399d898791d01961e16b86f02bc2486d0d1a7a9bb2379d055dc1"},
    {file = "ruff-0.14.3.tar.gz", hash = "sha256:4ff876d2ab2b161b6de0aa1f5bd714e8e9b4033dc122ee006925fbacc4f62153"},
]

[[package]]
name = "six"
version = "1.17.0"
summary = ""
files = [
    {file = "six-1.17.0-py2.py3-none-any.whl", hash = "sha256:4721f391ed90541fddacab5acf947aa0d3dc7d27b2e1e8eda2be8970586c3274"},
    {file = "six-1.17.0.tar.gz", hash = "sha256:ff70335d468e7eb6ec65b95b99d3a2836546063f63acc5171de367e834932a81"},
]

[[package]]
name = "sniffio"
version = "1.3.1"
summary = ""
files = [
    {file = "sniffio-1.3.1-py3-none-any.whl", hash = "sha256:2f6da418d1f1e0fddd844478f41680e794e6051915791a034ff65e5f100525a2"},
    {file = "sniffio-1.3.1.tar.gz", hash = "sha256:f4324edc670a0f49750a81b895f35c3adb843cca46f0530f79fc1babb23789dc"},
]

[[package]]
name = "starlette"
version = "0.49.3"
summary = ""
dependencies = [
    "anyio",
]
files = [
    {file = "starlette-0.49.3-py3-none-any.whl", hash = "sha256:b579b99715fdc2980cf88c8ec96d3bf1ce16f5a8051a7c2b84ef9b1cdecaea2f"},
    {file = "starlette-0.49.3.tar.gz", hash = "sha256:1c14546f299b5901a1ea0e34410575bc33bbd741377a10484a54445588d00284"},
]

[[package]]
name = "types-psycopg2"
version = "2.9.21.20251012"
summary = ""
files = [
    {file = "types_psycopg2-2.9.21.20251012-py3-none-any.whl", hash = "sha256:712bad5c423fe979e357edbf40a07ca40ef775d74043de72bd4544ca328cc57e"},
    {file = "types_psycopg2-2.9.21.20251012.tar.gz", hash = "sha256:4cdafd38927da0cfde49804f39ab85afd9c6e9c492800e42f1f0c1a1b0312935"},
]

[[package]]
name = "types-requests"
version = "2.32.4.20250913"
summary = ""
dependencies = [
    "urllib3",
]
files = [
    {file = "types_requests-2.32.4.20250913-py3-none-any.whl", hash = "sha256:78c9c1fffebbe0fa487a418e0fa5252017e9c60d1a2da394077f1780f655d7e1"},
    {file = "types_requests-2.32.4.20250913.tar.gz", hash = "sha256:abd6d4f9ce3a9383f269775a9835a4c24e5cd6b9f647d64f88aa4613c33def5d"},
]

[[package]]
name = "typing-extensions"
version = "4.15.0"
summary = ""
files = [
    {file = "typing_extensions-4.15.0-py3-none-any.whl", hash = "sha256:f0fa19c6845758ab08074a0cfa8b7aecb71c999ca73d62883bc25cc018c4e548"},
    {file = "typing_extensions-4.15.0.tar.gz", hash = "sha256:0cea48d173cc12fa28ecabc3b837ea3cf6f38c6d1136f85cbaaf598984861466"},
]

[[package]]
name = "typing-inspection"
version = "0.4.2"
summary = ""
dependencies = [
    "typing-extensions",
]
files = [
    {file = "typing_inspection-0.4.2-py3-none-any.whl", hash = "sha256:4ed1cacbdc298c220f1bd249ed5287caa16f34d44ef4e9c3d0cbad5b521545e7"},
    {file = "typing_inspection-0.4.2.tar.gz", hash = "sha256:ba561c48a67c5958007083d386c3295464928b01faa735ab8547c5692e87f464"},
]

[[package]]
name = "urllib3"
version = "2.5.0"
summary = ""
files = [
    {file = "urllib3-2.5.0-py3-none-any.whl", hash = "sha256:e6b01673c0fa6a13e374b50871808eb3bf7046c4b125b216f6bf1cc604cff0dc"},
    {file = "urllib3-2.5.0.tar.gz", hash = "sha256:3fc47733c7e419d4bc3f6b3dc2b4f890bb743906a30d56ba4a5bfa4bbff92760"},
]

[[package]]
name = "uvicorn"
version = "0.38.0"
summary = ""
dependencies = [
    "click",
    "h11",
]
files = [
    {file = "uvicorn-0.38.0-py3-none-any.whl", hash = "sha256:48c0afd214ceb59340075b4a052ea1ee91c16fbc2a9b1469cca0e54566977b02"},
    {file = "uvicorn-0.38.0.tar.gz", hash = "sha256:fd97093bdd120a2609fc0d3afe931d4d4ad688b6e75f0f929fde1bc36fe0e91d"},
]

[[package]]
name = "xyzservices"
version = "2025.10.0"
summary = ""
files = [
    {file = "xyzservices-2025.10.0-py3-none-any.whl", hash = "sha256:cfd6423367c7bc717ed5824d4dd7de2c91486886c1c193db9d8f0fa7fd43bc1b"},
    {file = "xyzservices-2025.10.0.tar.gz", hash = "sha256:c6b7648276c98e8222fbec84d9c763128cf3653705017a4d6c4c3652480ee144"},
]
